
Microsoft Visual Studio Solution File, Format Version 12.00
Project("{FAE04EC0-301F-11D3-BF4B-00C04F79EFBC}") = "RestaurantReservation", "RestaurantReservation\RestaurantReservation.csproj", "{35E1DF3A-F597-4AC7-B593-177A7A8F8ED2}"
EndProject
Project("{FAE04EC0-301F-11D3-BF4B-00C04F79EFBC}") = "RestaurantReservation.Db", "RestaurantReservation.Db\RestaurantReservation.Db.csproj", "{7802418F-A647-464D-A0D6-85C6CC528F20}"
EndProject
Project("{FAE04EC0-301F-11D3-BF4B-00C04F79EFBC}") = "RestaurantReservation.API", "RestaurantReservation.API\RestaurantReservation.API.csproj", "{CCB37E05-261D-40C2-9823-27CFD4DFFD52}"
EndProject
Global
	GlobalSection(SolutionConfigurationPlatforms) = preSolution
		Debug|Any CPU = Debug|Any CPU
		Release|Any CPU = Release|Any CPU
	EndGlobalSection
	GlobalSection(ProjectConfigurationPlatforms) = postSolution
		{35E1DF3A-F597-4AC7-B593-177A7A8F8ED2}.Debug|Any CPU.ActiveCfg = Debug|Any CPU
		{35E1DF3A-F597-4AC7-B593-177A7A8F8ED2}.Debug|Any CPU.Build.0 = Debug|Any CPU
		{35E1DF3A-F597-4AC7-B593-177A7A8F8ED2}.Release|Any CPU.ActiveCfg = Release|Any CPU
		{35E1DF3A-F597-4AC7-B593-177A7A8F8ED2}.Release|Any CPU.Build.0 = Release|Any CPU
		{7802418F-A647-464D-A0D6-85C6CC528F20}.Debug|Any CPU.ActiveCfg = Debug|Any CPU
		{7802418F-A647-464D-A0D6-85C6CC528F20}.Debug|Any CPU.Build.0 = Debug|Any CPU
		{7802418F-A647-464D-A0D6-85C6CC528F20}.Release|Any CPU.ActiveCfg = Release|Any CPU
		{7802418F-A647-464D-A0D6-85C6CC528F20}.Release|Any CPU.Build.0 = Release|Any CPU
		{CCB37E05-261D-40C2-9823-27CFD4DFFD52}.Debug|Any CPU.ActiveCfg = Debug|Any CPU
		{CCB37E05-261D-40C2-9823-27CFD4DFFD52}.Debug|Any CPU.Build.0 = Debug|Any CPU
		{CCB37E05-261D-40C2-9823-27CFD4DFFD52}.Release|Any CPU.ActiveCfg = Release|Any CPU
		{CCB37E05-261D-40C2-9823-27CFD4DFFD52}.Release|Any CPU.Build.0 = Release|Any CPU
	EndGlobalSection
EndGlobal
